// !$*UTF8*$!
{
	archiveVersion = 1;
	classes = {
	};
	objectVersion = 50;
	objects = {

/* Begin PBXBuildFile section */
		F5A4057C24AFC73400B9520A /* AppDelegate.swift in Sources */ = {isa = PBXBuildFile; fileRef = F5A4057B24AFC73400B9520A /* AppDelegate.swift */; };
		F5A4057E24AFC73400B9520A /* SceneDelegate.swift in Sources */ = {isa = PBXBuildFile; fileRef = F5A4057D24AFC73400B9520A /* SceneDelegate.swift */; };
		F5A4058024AFC73400B9520A /* WhispersView.swift in Sources */ = {isa = PBXBuildFile; fileRef = F5A4057F24AFC73400B9520A /* WhispersView.swift */; };
		F5A4058224AFC73900B9520A /* Assets.xcassets in Resources */ = {isa = PBXBuildFile; fileRef = F5A4058124AFC73900B9520A /* Assets.xcassets */; };
		F5A4058524AFC73900B9520A /* Preview Assets.xcassets in Resources */ = {isa = PBXBuildFile; fileRef = F5A4058424AFC73900B9520A /* Preview Assets.xcassets */; };
		F5A4058824AFC73900B9520A /* LaunchScreen.storyboard in Resources */ = {isa = PBXBuildFile; fileRef = F5A4058624AFC73900B9520A /* LaunchScreen.storyboard */; };
		F5A4059224AFCAA200B9520A /* Whisper.swift in Sources */ = {isa = PBXBuildFile; fileRef = F5A4059124AFCAA200B9520A /* Whisper.swift */; };
		F5A4059624AFCCB000B9520A /* whisperData.json in Resources */ = {isa = PBXBuildFile; fileRef = F5A4059524AFCCB000B9520A /* whisperData.json */; };
		F5A4059824AFCDE100B9520A /* Whisper Card.swift in Sources */ = {isa = PBXBuildFile; fileRef = F5A4059724AFCDE100B9520A /* Whisper Card.swift */; };
		F5A4059A24AFD11900B9520A /* Data.swift in Sources */ = {isa = PBXBuildFile; fileRef = F5A4059924AFD11900B9520A /* Data.swift */; };
		F5A4059C24AFD67800B9520A /* WhispersList.swift in Sources */ = {isa = PBXBuildFile; fileRef = F5A4059B24AFD67800B9520A /* WhispersList.swift */; };
/* End PBXBuildFile section */

/* Begin PBXFileReference section */
		F5A4057824AFC73400B9520A /* Whispearrings.app */ = {isa = PBXFileReference; explicitFileType = wrapper.application; includeInIndex = 0; path = Whispearrings.app; sourceTree = BUILT_PRODUCTS_DIR; };
		F5A4057B24AFC73400B9520A /* AppDelegate.swift */ = {isa = PBXFileReference; lastKnownFileType = sourcecode.swift; path = AppDelegate.swift; sourceTree = "<group>"; };
		F5A4057D24AFC73400B9520A /* SceneDelegate.swift */ = {isa = PBXFileReference; lastKnownFileType = sourcecode.swift; path = SceneDelegate.swift; sourceTree = "<group>"; };
		F5A4057F24AFC73400B9520A /* WhispersView.swift */ = {isa = PBXFileReference; lastKnownFileType = sourcecode.swift; path = WhispersView.swift; sourceTree = "<group>"; };
		F5A4058124AFC73900B9520A /* Assets.xcassets */ = {isa = PBXFileReference; lastKnownFileType = folder.assetcatalog; path = Assets.xcassets; sourceTree = "<group>"; };
		F5A4058424AFC73900B9520A /* Preview Assets.xcassets */ = {isa = PBXFileReference; lastKnownFileType = folder.assetcatalog; path = "Preview Assets.xcassets"; sourceTree = "<group>"; };
		F5A4058724AFC73900B9520A /* Base */ = {isa = PBXFileReference; lastKnownFileType = file.storyboard; name = Base; path = Base.lproj/LaunchScreen.storyboard; sourceTree = "<group>"; };
		F5A4058924AFC73900B9520A /* Info.plist */ = {isa = PBXFileReference; lastKnownFileType = text.plist.xml; path = Info.plist; sourceTree = "<group>"; };
		F5A4059124AFCAA200B9520A /* Whisper.swift */ = {isa = PBXFileReference; lastKnownFileType = sourcecode.swift; path = Whisper.swift; sourceTree = "<group>"; };
		F5A4059524AFCCB000B9520A /* whisperData.json */ = {isa = PBXFileReference; lastKnownFileType = text.json; path = whisperData.json; sourceTree = "<group>"; };
		F5A4059724AFCDE100B9520A /* Whisper Card.swift */ = {isa = PBXFileReference; lastKnownFileType = sourcecode.swift; path = "Whisper Card.swift"; sourceTree = "<group>"; };
		F5A4059924AFD11900B9520A /* Data.swift */ = {isa = PBXFileReference; fileEncoding = 4; lastKnownFileType = sourcecode.swift; name = Data.swift; path = ../../../../../Downloads/BuildingListsAndNavigation/StartingPoint/Landmarks/Landmarks/Models/Data.swift; sourceTree = "<group>"; };
		F5A4059B24AFD67800B9520A /* WhispersList.swift */ = {isa = PBXFileReference; lastKnownFileType = sourcecode.swift; path = WhispersList.swift; sourceTree = "<group>"; };
/* End PBXFileReference section */

/* Begin PBXFrameworksBuildPhase section */
		F5A4057524AFC73400B9520A /* Frameworks */ = {
			isa = PBXFrameworksBuildPhase;
			buildActionMask = 2147483647;
			files = (
			);
			runOnlyForDeploymentPostprocessing = 0;
		};
/* End PBXFrameworksBuildPhase section */

/* Begin PBXGroup section */
		F5A4056F24AFC73400B9520A = {
			isa = PBXGroup;
			children = (
				F5A4057A24AFC73400B9520A /* Whispearrings */,
				F5A4057924AFC73400B9520A /* Products */,
			);
			sourceTree = "<group>";
		};
		F5A4057924AFC73400B9520A /* Products */ = {
			isa = PBXGroup;
			children = (
				F5A4057824AFC73400B9520A /* Whispearrings.app */,
			);
			name = Products;
			sourceTree = "<group>";
		};
		F5A4057A24AFC73400B9520A /* Whispearrings */ = {
			isa = PBXGroup;
			children = (
				F5A4059424AFCC7B00B9520A /* Resources */,
				F5A4059024AFCA4400B9520A /* Models */,
				F5A4057B24AFC73400B9520A /* AppDelegate.swift */,
				F5A4057D24AFC73400B9520A /* SceneDelegate.swift */,
				F5A4057F24AFC73400B9520A /* WhispersView.swift */,
				F5A4059B24AFD67800B9520A /* WhispersList.swift */,
				F5A4058124AFC73900B9520A /* Assets.xcassets */,
				F5A4058624AFC73900B9520A /* LaunchScreen.storyboard */,
				F5A4058924AFC73900B9520A /* Info.plist */,
				F5A4058324AFC73900B9520A /* Preview Content */,
				F5A4059724AFCDE100B9520A /* Whisper Card.swift */,
			);
			path = Whispearrings;
			sourceTree = "<group>";
		};
		F5A4058324AFC73900B9520A /* Preview Content */ = {
			isa = PBXGroup;
			children = (
				F5A4058424AFC73900B9520A /* Preview Assets.xcassets */,
			);
			path = "Preview Content";
			sourceTree = "<group>";
		};
		F5A4059024AFCA4400B9520A /* Models */ = {
			isa = PBXGroup;
			children = (
				F5A4059924AFD11900B9520A /* Data.swift */,
				F5A4059124AFCAA200B9520A /* Whisper.swift */,
			);
			path = Models;
			sourceTree = "<group>";
		};
		F5A4059424AFCC7B00B9520A /* Resources */ = {
			isa = PBXGroup;
			children = (
				F5A4059524AFCCB000B9520A /* whisperData.json */,
			);
			path = Resources;
			sourceTree = "<group>";
		};
/* End PBXGroup section */

/* Begin PBXNativeTarget section */
		F5A4057724AFC73400B9520A /* Whispearrings */ = {
			isa = PBXNativeTarget;
			buildConfigurationList = F5A4058C24AFC73900B9520A /* Build configuration list for PBXNativeTarget "Whispearrings" */;
			buildPhases = (
				F5A4057424AFC73400B9520A /* Sources */,
				F5A4057524AFC73400B9520A /* Frameworks */,
				F5A4057624AFC73400B9520A /* Resources */,
			);
			buildRules = (
			);
			dependencies = (
			);
			name = Whispearrings;
			productName = Whispearrings;
			productReference = F5A4057824AFC73400B9520A /* Whispearrings.app */;
			productType = "com.apple.product-type.application";
		};
/* End PBXNativeTarget section */

/* Begin PBXProject section */
		F5A4057024AFC73400B9520A /* Project object */ = {
			isa = PBXProject;
			attributes = {
				LastSwiftUpdateCheck = 1150;
				LastUpgradeCheck = 1150;
				ORGANIZATIONNAME = Whispearrings;
				TargetAttributes = {
					F5A4057724AFC73400B9520A = {
						CreatedOnToolsVersion = 11.5;
					};
				};
			};
			buildConfigurationList = F5A4057324AFC73400B9520A /* Build configuration list for PBXProject "Whispearrings" */;
			compatibilityVersion = "Xcode 9.3";
			developmentRegion = en;
			hasScannedForEncodings = 0;
			knownRegions = (
				en,
				Base,
			);
			mainGroup = F5A4056F24AFC73400B9520A;
			productRefGroup = F5A4057924AFC73400B9520A /* Products */;
			projectDirPath = "";
			projectRoot = "";
			targets = (
				F5A4057724AFC73400B9520A /* Whispearrings */,
			);
		};
/* End PBXProject section */

/* Begin PBXResourcesBuildPhase section */
		F5A4057624AFC73400B9520A /* Resources */ = {
			isa = PBXResourcesBuildPhase;
			buildActionMask = 2147483647;
			files = (
				F5A4059624AFCCB000B9520A /* whisperData.json in Resources */,
				F5A4058824AFC73900B9520A /* LaunchScreen.storyboard in Resources */,
				F5A4058524AFC73900B9520A /* Preview Assets.xcassets in Resources */,
				F5A4058224AFC73900B9520A /* Assets.xcassets in Resources */,
			);
			runOnlyForDeploymentPostprocessing = 0;
		};
/* End PBXResourcesBuildPhase section */

/* Begin PBXSourcesBuildPhase section */
		F5A4057424AFC73400B9520A /* Sources */ = {
			isa = PBXSourcesBuildPhase;
			buildActionMask = 2147483647;
			files = (
				F5A4057C24AFC73400B9520A /* AppDelegate.swift in Sources */,
				F5A4059A24AFD11900B9520A /* Data.swift in Sources */,
				F5A4059C24AFD67800B9520A /* WhispersList.swift in Sources */,
				F5A4057E24AFC73400B9520A /* SceneDelegate.swift in Sources */,
				F5A4059824AFCDE100B9520A /* Whisper Card.swift in Sources */,
				F5A4059224AFCAA200B9520A /* Whisper.swift in Sources */,
				F5A4058024AFC73400B9520A /* WhispersView.swift in Sources */,
			);
			runOnlyForDeploymentPostprocessing = 0;
		};
/* End PBXSourcesBuildPhase section */

/* Begin PBXVariantGroup section */
		F5A4058624AFC73900B9520A /* LaunchScreen.storyboard */ = {
			isa = PBXVariantGroup;
			children = (
				F5A4058724AFC73900B9520A /* Base */,
			);
			name = LaunchScreen.storyboard;
			sourceTree = "<group>";
		};
/* End PBXVariantGroup section */

/* Begin XCBuildConfiguration section */
		F5A4058A24AFC73900B9520A /* Debug */ = {
			isa = XCBuildConfiguration;
			buildSettings = {
				ALWAYS_SEARCH_USER_PATHS = NO;
				CLANG_ANALYZER_NONNULL = YES;
				CLANG_ANALYZER_NUMBER_OBJECT_CONVERSION = YES_AGGRESSIVE;
				CLANG_CXX_LANGUAGE_STANDARD = "gnu++14";
				CLANG_CXX_LIBRARY = "libc++";
				CLANG_ENABLE_MODULES = YES;
				CLANG_ENABLE_OBJC_ARC = YES;
				CLANG_ENABLE_OBJC_WEAK = YES;
				CLANG_WARN_BLOCK_CAPTURE_AUTORELEASING = YES;
				CLANG_WARN_BOOL_CONVERSION = YES;
				CLANG_WARN_COMMA = YES;
				CLANG_WARN_CONSTANT_CONVERSION = YES;
				CLANG_WARN_DEPRECATED_OBJC_IMPLEMENTATIONS = YES;
				CLANG_WARN_DIRECT_OBJC_ISA_USAGE = YES_ERROR;
				CLANG_WARN_DOCUMENTATION_COMMENTS = YES;
				CLANG_WARN_EMPTY_BODY = YES;
				CLANG_WARN_ENUM_CONVERSION = YES;
				CLANG_WARN_INFINITE_RECURSION = YES;
				CLANG_WARN_INT_CONVERSION = YES;
				CLANG_WARN_NON_LITERAL_NULL_CONVERSION = YES;
				CLANG_WARN_OBJC_IMPLICIT_RETAIN_SELF = YES;
				CLANG_WARN_OBJC_LITERAL_CONVERSION = YES;
				CLANG_WARN_OBJC_ROOT_CLASS = YES_ERROR;
				CLANG_WARN_RANGE_LOOP_ANALYSIS = YES;
				CLANG_WARN_STRICT_PROTOTYPES = YES;
				CLANG_WARN_SUSPICIOUS_MOVE = YES;
				CLANG_WARN_UNGUARDED_AVAILABILITY = YES_AGGRESSIVE;
				CLANG_WARN_UNREACHABLE_CODE = YES;
				CLANG_WARN__DUPLICATE_METHOD_MATCH = YES;
				COPY_PHASE_STRIP = NO;
				DEBUG_INFORMATION_FORMAT = dwarf;
				ENABLE_STRICT_OBJC_MSGSEND = YES;
				ENABLE_TESTABILITY = YES;
				GCC_C_LANGUAGE_STANDARD = gnu11;
				GCC_DYNAMIC_NO_PIC = NO;
				GCC_NO_COMMON_BLOCKS = YES;
				GCC_OPTIMIZATION_LEVEL = 0;
				GCC_PREPROCESSOR_DEFINITIONS = (
					"DEBUG=1",
					"$(inherited)",
				);
				GCC_WARN_64_TO_32_BIT_CONVERSION = YES;
				GCC_WARN_ABOUT_RETURN_TYPE = YES_ERROR;
				GCC_WARN_UNDECLARED_SELECTOR = YES;
				GCC_WARN_UNINITIALIZED_AUTOS = YES_AGGRESSIVE;
				GCC_WARN_UNUSED_FUNCTION = YES;
				GCC_WARN_UNUSED_VARIABLE = YES;
				IPHONEOS_DEPLOYMENT_TARGET = 13.5;
				MTL_ENABLE_DEBUG_INFO = INCLUDE_SOURCE;
				MTL_FAST_MATH = YES;
				ONLY_ACTIVE_ARCH = YES;
				SDKROOT = iphoneos;
				SWIFT_ACTIVE_COMPILATION_CONDITIONS = DEBUG;
				SWIFT_OPTIMIZATION_LEVEL = "-Onone";
			};
			name = Debug;
		};
		F5A4058B24AFC73900B9520A /* Release */ = {
			isa = XCBuildConfiguration;
			buildSettings = {
				ALWAYS_SEARCH_USER_PATHS = NO;
				CLANG_ANALYZER_NONNULL = YES;
				CLANG_ANALYZER_NUMBER_OBJECT_CONVERSION = YES_AGGRESSIVE;
				CLANG_CXX_LANGUAGE_STANDARD = "gnu++14";
				CLANG_CXX_LIBRARY = "libc++";
				CLANG_ENABLE_MODULES = YES;
				CLANG_ENABLE_OBJC_ARC = YES;
				CLANG_ENABLE_OBJC_WEAK = YES;
				CLANG_WARN_BLOCK_CAPTURE_AUTORELEASING = YES;
				CLANG_WARN_BOOL_CONVERSION = YES;
				CLANG_WARN_COMMA = YES;
				CLANG_WARN_CONSTANT_CONVERSION = YES;
				CLANG_WARN_DEPRECATED_OBJC_IMPLEMENTATIONS = YES;
				CLANG_WARN_DIRECT_OBJC_ISA_USAGE = YES_ERROR;
				CLANG_WARN_DOCUMENTATION_COMMENTS = YES;
				CLANG_WARN_EMPTY_BODY = YES;
				CLANG_WARN_ENUM_CONVERSION = YES;
				CLANG_WARN_INFINITE_RECURSION = YES;
				CLANG_WARN_INT_CONVERSION = YES;
				CLANG_WARN_NON_LITERAL_NULL_CONVERSION = YES;
				CLANG_WARN_OBJC_IMPLICIT_RETAIN_SELF = YES;
				CLANG_WARN_OBJC_LITERAL_CONVERSION = YES;
				CLANG_WARN_OBJC_ROOT_CLASS = YES_ERROR;
				CLANG_WARN_RANGE_LOOP_ANALYSIS = YES;
				CLANG_WARN_STRICT_PROTOTYPES = YES;
				CLANG_WARN_SUSPICIOUS_MOVE = YES;
				CLANG_WARN_UNGUARDED_AVAILABILITY = YES_AGGRESSIVE;
				CLANG_WARN_UNREACHABLE_CODE = YES;
				CLANG_WARN__DUPLICATE_METHOD_MATCH = YES;
				COPY_PHASE_STRIP = NO;
				DEBUG_INFORMATION_FORMAT = "dwarf-with-dsym";
				ENABLE_NS_ASSERTIONS = NO;
				ENABLE_STRICT_OBJC_MSGSEND = YES;
				GCC_C_LANGUAGE_STANDARD = gnu11;
				GCC_NO_COMMON_BLOCKS = YES;
				GCC_WARN_64_TO_32_BIT_CONVERSION = YES;
				GCC_WARN_ABOUT_RETURN_TYPE = YES_ERROR;
				GCC_WARN_UNDECLARED_SELECTOR = YES;
				GCC_WARN_UNINITIALIZED_AUTOS = YES_AGGRESSIVE;
				GCC_WARN_UNUSED_FUNCTION = YES;
				GCC_WARN_UNUSED_VARIABLE = YES;
				IPHONEOS_DEPLOYMENT_TARGET = 13.5;
				MTL_ENABLE_DEBUG_INFO = NO;
				MTL_FAST_MATH = YES;
				SDKROOT = iphoneos;
				SWIFT_COMPILATION_MODE = wholemodule;
				SWIFT_OPTIMIZATION_LEVEL = "-O";
				VALIDATE_PRODUCT = YES;
			};
			name = Release;
		};
		F5A4058D24AFC73900B9520A /* Debug */ = {
			isa = XCBuildConfiguration;
			buildSettings = {
				ASSETCATALOG_COMPILER_APPICON_NAME = AppIcon;
				CODE_SIGN_STYLE = Automatic;
				DEVELOPMENT_ASSET_PATHS = "\"Whispearrings/Preview Content\"";
				DEVELOPMENT_TEAM = VZ875HT26F;
				ENABLE_PREVIEWS = YES;
				INFOPLIST_FILE = Whispearrings/Info.plist;
				LD_RUNPATH_SEARCH_PATHS = (
					"$(inherited)",
					"@executable_path/Frameworks",
				);
				PRODUCT_BUNDLE_IDENTIFIER = com.whispearrings.Whispearrings;
				PRODUCT_NAME = "$(TARGET_NAME)";
				SWIFT_VERSION = 5.0;
				TARGETED_DEVICE_FAMILY = "1,2";
			};
			name = Debug;
		};
		F5A4058E24AFC73900B9520A /* Release */ = {
			isa = XCBuildConfiguration;
			buildSettings = {
				ASSETCATALOG_COMPILER_APPICON_NAME = AppIcon;
				CODE_SIGN_STYLE = Automatic;
				DEVELOPMENT_ASSET_PATHS = "\"Whispearrings/Preview Content\"";
				DEVELOPMENT_TEAM = VZ875HT26F;
				ENABLE_PREVIEWS = YES;
				INFOPLIST_FILE = Whispearrings/Info.plist;
				LD_RUNPATH_SEARCH_PATHS = (
					"$(inherited)",
					"@executable_path/Frameworks",
				);
				PRODUCT_BUNDLE_IDENTIFIER = com.whispearrings.Whispearrings;
				PRODUCT_NAME = "$(TARGET_NAME)";
				SWIFT_VERSION = 5.0;
				TARGETED_DEVICE_FAMILY = "1,2";
			};
			name = Release;
		};
/* End XCBuildConfiguration section */

/* Begin XCConfigurationList section */
		F5A4057324AFC73400B9520A /* Build configuration list for PBXProject "Whispearrings" */ = {
			isa = XCConfigurationList;
			buildConfigurations = (
				F5A4058A24AFC73900B9520A /* Debug */,
				F5A4058B24AFC73900B9520A /* Release */,
			);
			defaultConfigurationIsVisible = 0;
			defaultConfigurationName = Release;
		};
		F5A4058C24AFC73900B9520A /* Build configuration list for PBXNativeTarget "Whispearrings" */ = {
			isa = XCConfigurationList;
			buildConfigurations = (
				F5A4058D24AFC73900B9520A /* Debug */,
				F5A4058E24AFC73900B9520A /* Release */,
			);
			defaultConfigurationIsVisible = 0;
			defaultConfigurationName = Release;
		};
/* End XCConfigurationList section */
	};
	rootObject = F5A4057024AFC73400B9520A /* Project object */;
}
